{
  "name": "CI-CD-example",
  "lockfileVersion": 2,
  "requires": true,
  "packages": {
    "": {
      "dependencies": {
        "dotenv-expand": "^8.0.3",
        "serverless-iam-roles-per-function": "^3.2.0"
      }
    },
    "node_modules/dotenv-expand": {
      "version": "8.0.3",
      "resolved": "https://registry.npmjs.org/dotenv-expand/-/dotenv-expand-8.0.3.tgz",
      "integrity": "sha512-SErOMvge0ZUyWd5B0NXMQlDkN+8r+HhVUsxgOO7IoPDOdDRD2JjExpN6y3KnFR66jsJMwSn1pqIivhU5rcJiNg==",
      "engines": {
        "node": ">=12"
      }
    },
    "node_modules/lodash": {
      "version": "4.17.21",
      "resolved": "https://registry.npmjs.org/lodash/-/lodash-4.17.21.tgz",
      "integrity": "sha512-v2kDEe57lecTulaDIuNTPy3Ry4gLGJ6Z1O3vE1krgXZNrsQ+LFTGHVxVjcXPs17LhbZVGedAJv8XZ1tvj5FvSg=="
    },
    "node_modules/serverless-iam-roles-per-function": {
      "version": "3.2.0",
      "resolved": "https://registry.npmjs.org/serverless-iam-roles-per-function/-/serverless-iam-roles-per-function-3.2.0.tgz",
      "integrity": "sha512-AXmxACHEUsDcFDcv8QNwDgn2L0brRJ7pz/phD3lFB/wQ3TtPJkorC+J7PxgFQbaWIQk15EIlU83BtKXeQoPTAg==",
      "dependencies": {
        "lodash": "^4.17.20"
      },
      "engines": {
        "node": ">=10"
      }
    }
  },
  "dependencies": {
    "dotenv-expand": {
      "version": "8.0.3",
      "resolved": "https://registry.npmjs.org/dotenv-expand/-/dotenv-expand-8.0.3.tgz",
      "integrity": "sha512-SErOMvge0ZUyWd5B0NXMQlDkN+8r+HhVUsxgOO7IoPDOdDRD2JjExpN6y3KnFR66jsJMwSn1pqIivhU5rcJiNg=="
    },
    "lodash": {
      "version": "4.17.21",
      "resolved": "https://registry.npmjs.org/lodash/-/lodash-4.17.21.tgz",
      "integrity": "sha512-v2kDEe57lecTulaDIuNTPy3Ry4gLGJ6Z1O3vE1krgXZNrsQ+LFTGHVxVjcXPs17LhbZVGedAJv8XZ1tvj5FvSg=="
    },
    "serverless-iam-roles-per-function": {
      "version": "3.2.0",
      "resolved": "https://registry.npmjs.org/serverless-iam-roles-per-function/-/serverless-iam-roles-per-function-3.2.0.tgz",
      "integrity": "sha512-AXmxACHEUsDcFDcv8QNwDgn2L0brRJ7pz/phD3lFB/wQ3TtPJkorC+J7PxgFQbaWIQk15EIlU83BtKXeQoPTAg==",
      "requires": {
        "lodash": "^4.17.20"
      }
    }
  }
}
